
Microsoft Visual Studio Solution File, Format Version 12.00
# Visual Studio 15
VisualStudioVersion = 15.0.27004.2009
MinimumVisualStudioVersion = 10.0.40219.1
Project("{8BC9CEB8-8B4A-11D0-8D11-00A0C91BC942}") = "BullCowGame", "BullCowGame\BullCowGame.vcxproj", "{35323F4A-66D7-4BCA-A904-35047AA88167}"
EndProject
Global
	GlobalSection(SolutionConfigurationPlatforms) = preSolution
		Debug|x64 = Debug|x64
		Debug|x86 = Debug|x86
		Release|x64 = Release|x64
		Release|x86 = Release|x86
	EndGlobalSection
	GlobalSection(ProjectConfigurationPlatforms) = postSolution
		{35323F4A-66D7-4BCA-A904-35047AA88167}.Debug|x64.ActiveCfg = Debug|x64
		{35323F4A-66D7-4BCA-A904-35047AA88167}.Debug|x64.Build.0 = Debug|x64
		{35323F4A-66D7-4BCA-A904-35047AA88167}.Debug|x86.ActiveCfg = Debug|Win32
		{35323F4A-66D7-4BCA-A904-35047AA88167}.Debug|x86.Build.0 = Debug|Win32
		{35323F4A-66D7-4BCA-A904-35047AA88167}.Release|x64.ActiveCfg = Release|x64
		{35323F4A-66D7-4BCA-A904-35047AA88167}.Release|x64.Build.0 = Release|x64
		{35323F4A-66D7-4BCA-A904-35047AA88167}.Release|x86.ActiveCfg = Release|Win32
		{35323F4A-66D7-4BCA-A904-35047AA88167}.Release|x86.Build.0 = Release|Win32
	EndGlobalSection
	GlobalSection(SolutionProperties) = preSolution
		HideSolutionNode = FALSE
	EndGlobalSection
	GlobalSection(ExtensibilityGlobals) = postSolution
		SolutionGuid = {843E1820-C9CD-48E7-ADB8-36C55B2687B3}
	EndGlobalSection
EndGlobal
